// !$*UTF8*$!
{
	archiveVersion = 1;
	classes = {
	};
	objectVersion = 48;
	objects = {

/* Begin PBXBuildFile section */
		830252072CE80A045C9C586E /* Pods_PerformanceAnalyzer.framework in Frameworks */ = {isa = PBXBuildFile; fileRef = D45D2BAB013D6F60BD1384D4 /* Pods_PerformanceAnalyzer.framework */; };
		CD09B0EB7768139078D6EA75 /* Pods_AnalyzerCFunction.framework in Frameworks */ = {isa = PBXBuildFile; fileRef = 40D16B3E760533BDC246966A /* Pods_AnalyzerCFunction.framework */; };
		FB205A9420513F7E0066E566 /* PageLoadingMonitor.swift in Sources */ = {isa = PBXBuildFile; fileRef = FB205A9320513F7E0066E566 /* PageLoadingMonitor.swift */; };
		FB205A96205146E10066E566 /* CPUMonitor.swift in Sources */ = {isa = PBXBuildFile; fileRef = FB205A95205146E10066E566 /* CPUMonitor.swift */; };
		FB58C1BE2050E17B00D99836 /* AppDelegate.swift in Sources */ = {isa = PBXBuildFile; fileRef = FB58C1BD2050E17B00D99836 /* AppDelegate.swift */; };
		FB58C1C02050E17B00D99836 /* ViewController.swift in Sources */ = {isa = PBXBuildFile; fileRef = FB58C1BF2050E17B00D99836 /* ViewController.swift */; };
		FB58C1C32050E17B00D99836 /* Main.storyboard in Resources */ = {isa = PBXBuildFile; fileRef = FB58C1C12050E17B00D99836 /* Main.storyboard */; };
		FB58C1C52050E17B00D99836 /* Assets.xcassets in Resources */ = {isa = PBXBuildFile; fileRef = FB58C1C42050E17B00D99836 /* Assets.xcassets */; };
		FB58C1C82050E17B00D99836 /* LaunchScreen.storyboard in Resources */ = {isa = PBXBuildFile; fileRef = FB58C1C62050E17B00D99836 /* LaunchScreen.storyboard */; };
		FB58C1D22050E36900D99836 /* UIViewControllerExtension.swift in Sources */ = {isa = PBXBuildFile; fileRef = FB58C1D12050E36900D99836 /* UIViewControllerExtension.swift */; };
		FB58C1D42051069A00D99836 /* PerformanceAnalyzerWindow.swift in Sources */ = {isa = PBXBuildFile; fileRef = FB58C1D32051069A00D99836 /* PerformanceAnalyzerWindow.swift */; };
		FB58C1D620510BB300D99836 /* AnalyzerItemView.swift in Sources */ = {isa = PBXBuildFile; fileRef = FB58C1D520510BB300D99836 /* AnalyzerItemView.swift */; };
		FB58C1D820511A4200D99836 /* PerformanceAnalyzer.swift in Sources */ = {isa = PBXBuildFile; fileRef = FB58C1D720511A4200D99836 /* PerformanceAnalyzer.swift */; };
		FB58C1E220511DAC00D99836 /* AnalyzerCFunction.h in Headers */ = {isa = PBXBuildFile; fileRef = FB58C1E020511DAC00D99836 /* AnalyzerCFunction.h */; settings = {ATTRIBUTES = (Public, ); }; };
		FB58C1E520511DAC00D99836 /* AnalyzerCFunction.framework in Frameworks */ = {isa = PBXBuildFile; fileRef = FB58C1DE20511DAC00D99836 /* AnalyzerCFunction.framework */; };
		FB58C1E620511DAC00D99836 /* AnalyzerCFunction.framework in Embed Frameworks */ = {isa = PBXBuildFile; fileRef = FB58C1DE20511DAC00D99836 /* AnalyzerCFunction.framework */; settings = {ATTRIBUTES = (CodeSignOnCopy, RemoveHeadersOnCopy, ); }; };
		FB58C1EE20511DE100D99836 /* rebindings.mm in Sources */ = {isa = PBXBuildFile; fileRef = FB58C1EC20511DE100D99836 /* rebindings.mm */; };
		FB58C1F02051246600D99836 /* functions.m in Sources */ = {isa = PBXBuildFile; fileRef = FB58C1EF2051246600D99836 /* functions.m */; };
		FB58C1F22051261300D99836 /* ObjcMethodExchanges.swift in Sources */ = {isa = PBXBuildFile; fileRef = FB58C1F12051261300D99836 /* ObjcMethodExchanges.swift */; };
		FB58C1F420512E1600D99836 /* Monitor.swift in Sources */ = {isa = PBXBuildFile; fileRef = FB58C1F320512E1600D99836 /* Monitor.swift */; };
		FB58C1F720512E3800D99836 /* FPSMonitor.swift in Sources */ = {isa = PBXBuildFile; fileRef = FB58C1F620512E3800D99836 /* FPSMonitor.swift */; };
		FB58C1F92051342300D99836 /* MemoryMonitor.swift in Sources */ = {isa = PBXBuildFile; fileRef = FB58C1F82051342300D99836 /* MemoryMonitor.swift */; };
		FB63856D20524F7E00475029 /* ModuleMonitor.swift in Sources */ = {isa = PBXBuildFile; fileRef = FB63856C20524F7E00475029 /* ModuleMonitor.swift */; };
		FB6FD0A020527EF80004B0CF /* CGPointExtension.swift in Sources */ = {isa = PBXBuildFile; fileRef = FB6FD09F20527EF80004B0CF /* CGPointExtension.swift */; };
/* End PBXBuildFile section */

/* Begin PBXContainerItemProxy section */
		FB58C1E320511DAC00D99836 /* PBXContainerItemProxy */ = {
			isa = PBXContainerItemProxy;
			containerPortal = FB58C1B22050E17B00D99836 /* Project object */;
			proxyType = 1;
			remoteGlobalIDString = FB58C1DD20511DAC00D99836;
			remoteInfo = AnalyzerCFunction;
		};
/* End PBXContainerItemProxy section */

/* Begin PBXCopyFilesBuildPhase section */
		FB58C1EA20511DAC00D99836 /* Embed Frameworks */ = {
			isa = PBXCopyFilesBuildPhase;
			buildActionMask = 2147483647;
			dstPath = "";
			dstSubfolderSpec = 10;
			files = (
				FB58C1E620511DAC00D99836 /* AnalyzerCFunction.framework in Embed Frameworks */,
			);
			name = "Embed Frameworks";
			runOnlyForDeploymentPostprocessing = 0;
		};
/* End PBXCopyFilesBuildPhase section */

/* Begin PBXFileReference section */
		14180CBA346EE385336B7DD4 /* Pods-PerformanceAnalyzer.release.xcconfig */ = {isa = PBXFileReference; includeInIndex = 1; lastKnownFileType = text.xcconfig; name = "Pods-PerformanceAnalyzer.release.xcconfig"; path = "Pods/Target Support Files/Pods-PerformanceAnalyzer/Pods-PerformanceAnalyzer.release.xcconfig"; sourceTree = "<group>"; };
		34141D555226B1FA1053E3E5 /* Pods-PerformanceAnalyzer.debug.xcconfig */ = {isa = PBXFileReference; includeInIndex = 1; lastKnownFileType = text.xcconfig; name = "Pods-PerformanceAnalyzer.debug.xcconfig"; path = "Pods/Target Support Files/Pods-PerformanceAnalyzer/Pods-PerformanceAnalyzer.debug.xcconfig"; sourceTree = "<group>"; };
		40D16B3E760533BDC246966A /* Pods_AnalyzerCFunction.framework */ = {isa = PBXFileReference; explicitFileType = wrapper.framework; includeInIndex = 0; path = Pods_AnalyzerCFunction.framework; sourceTree = BUILT_PRODUCTS_DIR; };
		5624981B4AC804018F48AD94 /* Pods-AnalyzerCFunction.debug.xcconfig */ = {isa = PBXFileReference; includeInIndex = 1; lastKnownFileType = text.xcconfig; name = "Pods-AnalyzerCFunction.debug.xcconfig"; path = "Pods/Target Support Files/Pods-AnalyzerCFunction/Pods-AnalyzerCFunction.debug.xcconfig"; sourceTree = "<group>"; };
		9EA7FABEDA241F61093148AD /* Pods-AnalyzerCFunction.release.xcconfig */ = {isa = PBXFileReference; includeInIndex = 1; lastKnownFileType = text.xcconfig; name = "Pods-AnalyzerCFunction.release.xcconfig"; path = "Pods/Target Support Files/Pods-AnalyzerCFunction/Pods-AnalyzerCFunction.release.xcconfig"; sourceTree = "<group>"; };
		D45D2BAB013D6F60BD1384D4 /* Pods_PerformanceAnalyzer.framework */ = {isa = PBXFileReference; explicitFileType = wrapper.framework; includeInIndex = 0; path = Pods_PerformanceAnalyzer.framework; sourceTree = BUILT_PRODUCTS_DIR; };
		FB205A9320513F7E0066E566 /* PageLoadingMonitor.swift */ = {isa = PBXFileReference; lastKnownFileType = sourcecode.swift; path = PageLoadingMonitor.swift; sourceTree = "<group>"; };
		FB205A95205146E10066E566 /* CPUMonitor.swift */ = {isa = PBXFileReference; lastKnownFileType = sourcecode.swift; path = CPUMonitor.swift; sourceTree = "<group>"; };
		FB58C1BA2050E17B00D99836 /* PerformanceAnalyzer.app */ = {isa = PBXFileReference; explicitFileType = wrapper.application; includeInIndex = 0; path = PerformanceAnalyzer.app; sourceTree = BUILT_PRODUCTS_DIR; };
		FB58C1BD2050E17B00D99836 /* AppDelegate.swift */ = {isa = PBXFileReference; lastKnownFileType = sourcecode.swift; path = AppDelegate.swift; sourceTree = "<group>"; };
		FB58C1BF2050E17B00D99836 /* ViewController.swift */ = {isa = PBXFileReference; lastKnownFileType = sourcecode.swift; path = ViewController.swift; sourceTree = "<group>"; };
		FB58C1C22050E17B00D99836 /* Base */ = {isa = PBXFileReference; lastKnownFileType = file.storyboard; name = Base; path = Base.lproj/Main.storyboard; sourceTree = "<group>"; };
		FB58C1C42050E17B00D99836 /* Assets.xcassets */ = {isa = PBXFileReference; lastKnownFileType = folder.assetcatalog; path = Assets.xcassets; sourceTree = "<group>"; };
		FB58C1C72050E17B00D99836 /* Base */ = {isa = PBXFileReference; lastKnownFileType = file.storyboard; name = Base; path = Base.lproj/LaunchScreen.storyboard; sourceTree = "<group>"; };
		FB58C1C92050E17C00D99836 /* Info.plist */ = {isa = PBXFileReference; lastKnownFileType = text.plist.xml; path = Info.plist; sourceTree = "<group>"; };
		FB58C1D12050E36900D99836 /* UIViewControllerExtension.swift */ = {isa = PBXFileReference; lastKnownFileType = sourcecode.swift; path = UIViewControllerExtension.swift; sourceTree = "<group>"; };
		FB58C1D32051069A00D99836 /* PerformanceAnalyzerWindow.swift */ = {isa = PBXFileReference; lastKnownFileType = sourcecode.swift; path = PerformanceAnalyzerWindow.swift; sourceTree = "<group>"; };
		FB58C1D520510BB300D99836 /* AnalyzerItemView.swift */ = {isa = PBXFileReference; lastKnownFileType = sourcecode.swift; path = AnalyzerItemView.swift; sourceTree = "<group>"; };
		FB58C1D720511A4200D99836 /* PerformanceAnalyzer.swift */ = {isa = PBXFileReference; lastKnownFileType = sourcecode.swift; path = PerformanceAnalyzer.swift; sourceTree = "<group>"; };
		FB58C1DE20511DAC00D99836 /* AnalyzerCFunction.framework */ = {isa = PBXFileReference; explicitFileType = wrapper.framework; includeInIndex = 0; path = AnalyzerCFunction.framework; sourceTree = BUILT_PRODUCTS_DIR; };
		FB58C1E020511DAC00D99836 /* AnalyzerCFunction.h */ = {isa = PBXFileReference; lastKnownFileType = sourcecode.c.h; path = AnalyzerCFunction.h; sourceTree = "<group>"; };
		FB58C1E120511DAC00D99836 /* Info.plist */ = {isa = PBXFileReference; lastKnownFileType = text.plist.xml; path = Info.plist; sourceTree = "<group>"; };
		FB58C1EC20511DE100D99836 /* rebindings.mm */ = {isa = PBXFileReference; lastKnownFileType = sourcecode.cpp.objcpp; path = rebindings.mm; sourceTree = "<group>"; };
		FB58C1EF2051246600D99836 /* functions.m */ = {isa = PBXFileReference; lastKnownFileType = sourcecode.c.objc; path = functions.m; sourceTree = "<group>"; };
		FB58C1F12051261300D99836 /* ObjcMethodExchanges.swift */ = {isa = PBXFileReference; lastKnownFileType = sourcecode.swift; path = ObjcMethodExchanges.swift; sourceTree = "<group>"; };
		FB58C1F320512E1600D99836 /* Monitor.swift */ = {isa = PBXFileReference; lastKnownFileType = sourcecode.swift; path = Monitor.swift; sourceTree = "<group>"; };
		FB58C1F620512E3800D99836 /* FPSMonitor.swift */ = {isa = PBXFileReference; lastKnownFileType = sourcecode.swift; path = FPSMonitor.swift; sourceTree = "<group>"; };
		FB58C1F82051342300D99836 /* MemoryMonitor.swift */ = {isa = PBXFileReference; lastKnownFileType = sourcecode.swift; path = MemoryMonitor.swift; sourceTree = "<group>"; };
		FB63856C20524F7E00475029 /* ModuleMonitor.swift */ = {isa = PBXFileReference; lastKnownFileType = sourcecode.swift; path = ModuleMonitor.swift; sourceTree = "<group>"; };
		FB6FD09F20527EF80004B0CF /* CGPointExtension.swift */ = {isa = PBXFileReference; lastKnownFileType = sourcecode.swift; path = CGPointExtension.swift; sourceTree = "<group>"; };
/* End PBXFileReference section */

/* Begin PBXFrameworksBuildPhase section */
		FB58C1B72050E17B00D99836 /* Frameworks */ = {
			isa = PBXFrameworksBuildPhase;
			buildActionMask = 2147483647;
			files = (
				FB58C1E520511DAC00D99836 /* AnalyzerCFunction.framework in Frameworks */,
				830252072CE80A045C9C586E /* Pods_PerformanceAnalyzer.framework in Frameworks */,
			);
			runOnlyForDeploymentPostprocessing = 0;
		};
		FB58C1DA20511DAC00D99836 /* Frameworks */ = {
			isa = PBXFrameworksBuildPhase;
			buildActionMask = 2147483647;
			files = (
				CD09B0EB7768139078D6EA75 /* Pods_AnalyzerCFunction.framework in Frameworks */,
			);
			runOnlyForDeploymentPostprocessing = 0;
		};
/* End PBXFrameworksBuildPhase section */

/* Begin PBXGroup section */
		1A9E92CDBD681D7A6CE1036B /* Pods */ = {
			isa = PBXGroup;
			children = (
				34141D555226B1FA1053E3E5 /* Pods-PerformanceAnalyzer.debug.xcconfig */,
				14180CBA346EE385336B7DD4 /* Pods-PerformanceAnalyzer.release.xcconfig */,
				5624981B4AC804018F48AD94 /* Pods-AnalyzerCFunction.debug.xcconfig */,
				9EA7FABEDA241F61093148AD /* Pods-AnalyzerCFunction.release.xcconfig */,
			);
			name = Pods;
			sourceTree = "<group>";
		};
		87CBC3F2B31D4DA247CF0640 /* Frameworks */ = {
			isa = PBXGroup;
			children = (
				D45D2BAB013D6F60BD1384D4 /* Pods_PerformanceAnalyzer.framework */,
				40D16B3E760533BDC246966A /* Pods_AnalyzerCFunction.framework */,
			);
			name = Frameworks;
			sourceTree = "<group>";
		};
		FB58C1B12050E17B00D99836 = {
			isa = PBXGroup;
			children = (
				FB58C1BC2050E17B00D99836 /* PerformanceAnalyzer */,
				FB58C1DF20511DAC00D99836 /* AnalyzerCFunction */,
				FB58C1BB2050E17B00D99836 /* Products */,
				1A9E92CDBD681D7A6CE1036B /* Pods */,
				87CBC3F2B31D4DA247CF0640 /* Frameworks */,
			);
			sourceTree = "<group>";
		};
		FB58C1BB2050E17B00D99836 /* Products */ = {
			isa = PBXGroup;
			children = (
				FB58C1BA2050E17B00D99836 /* PerformanceAnalyzer.app */,
				FB58C1DE20511DAC00D99836 /* AnalyzerCFunction.framework */,
			);
			name = Products;
			sourceTree = "<group>";
		};
		FB58C1BC2050E17B00D99836 /* PerformanceAnalyzer */ = {
			isa = PBXGroup;
			children = (
				FB58C1CF2050E1D900D99836 /* Analyzer */,
				FB58C1BD2050E17B00D99836 /* AppDelegate.swift */,
				FB58C1BF2050E17B00D99836 /* ViewController.swift */,
				FB58C1C12050E17B00D99836 /* Main.storyboard */,
				FB58C1C42050E17B00D99836 /* Assets.xcassets */,
				FB58C1C62050E17B00D99836 /* LaunchScreen.storyboard */,
				FB58C1C92050E17C00D99836 /* Info.plist */,
			);
			path = PerformanceAnalyzer;
			sourceTree = "<group>";
		};
		FB58C1CF2050E1D900D99836 /* Analyzer */ = {
			isa = PBXGroup;
			children = (
				FB58C1D720511A4200D99836 /* PerformanceAnalyzer.swift */,
				FB63856E20526C5100475029 /* UI */,
				FB58C1F520512E1E00D99836 /* Monitor */,
				FB58C1D02050E2DF00D99836 /* Runtime */,
			);
			path = Analyzer;
			sourceTree = "<group>";
		};
		FB58C1D02050E2DF00D99836 /* Runtime */ = {
			isa = PBXGroup;
			children = (
				FB58C1F12051261300D99836 /* ObjcMethodExchanges.swift */,
				FB58C1D12050E36900D99836 /* UIViewControllerExtension.swift */,
				FB6FD09F20527EF80004B0CF /* CGPointExtension.swift */,
			);
			path = Runtime;
			sourceTree = "<group>";
		};
		FB58C1DF20511DAC00D99836 /* AnalyzerCFunction */ = {
			isa = PBXGroup;
			children = (
				FB58C1E020511DAC00D99836 /* AnalyzerCFunction.h */,
				FB58C1E120511DAC00D99836 /* Info.plist */,
				FB58C1EC20511DE100D99836 /* rebindings.mm */,
				FB58C1EF2051246600D99836 /* functions.m */,
			);
			path = AnalyzerCFunction;
			sourceTree = "<group>";
		};
		FB58C1F520512E1E00D99836 /* Monitor */ = {
			isa = PBXGroup;
			children = (
				FB58C1F320512E1600D99836 /* Monitor.swift */,
				FB205A95205146E10066E566 /* CPUMonitor.swift */,
				FB58C1F620512E3800D99836 /* FPSMonitor.swift */,
				FB58C1F82051342300D99836 /* MemoryMonitor.swift */,
				FB63856C20524F7E00475029 /* ModuleMonitor.swift */,
				FB205A9320513F7E0066E566 /* PageLoadingMonitor.swift */,
			);
			path = Monitor;
			sourceTree = "<group>";
		};
		FB63856E20526C5100475029 /* UI */ = {
			isa = PBXGroup;
			children = (
				FB58C1D520510BB300D99836 /* AnalyzerItemView.swift */,
				FB58C1D32051069A00D99836 /* PerformanceAnalyzerWindow.swift */,
			);
			path = UI;
			sourceTree = "<group>";
		};
/* End PBXGroup section */

/* Begin PBXHeadersBuildPhase section */
		FB58C1DB20511DAC00D99836 /* Headers */ = {
			isa = PBXHeadersBuildPhase;
			buildActionMask = 2147483647;
			files = (
				FB58C1E220511DAC00D99836 /* AnalyzerCFunction.h in Headers */,
			);
			runOnlyForDeploymentPostprocessing = 0;
		};
/* End PBXHeadersBuildPhase section */

/* Begin PBXNativeTarget section */
		FB58C1B92050E17B00D99836 /* PerformanceAnalyzer */ = {
			isa = PBXNativeTarget;
			buildConfigurationList = FB58C1CC2050E17C00D99836 /* Build configuration list for PBXNativeTarget "PerformanceAnalyzer" */;
			buildPhases = (
				C3232BADDDD61B64322B1C64 /* [CP] Check Pods Manifest.lock */,
				FB58C1B62050E17B00D99836 /* Sources */,
				FB58C1B72050E17B00D99836 /* Frameworks */,
				FB58C1B82050E17B00D99836 /* Resources */,
				CFF800E6B1AA4143DEFE723E /* [CP] Embed Pods Frameworks */,
				E40169A4608A2269FA319CC1 /* [CP] Copy Pods Resources */,
				FB58C1EA20511DAC00D99836 /* Embed Frameworks */,
			);
			buildRules = (
			);
			dependencies = (
				FB58C1E420511DAC00D99836 /* PBXTargetDependency */,
			);
			name = PerformanceAnalyzer;
			productName = PerformanceAnalyzer;
			productReference = FB58C1BA2050E17B00D99836 /* PerformanceAnalyzer.app */;
			productType = "com.apple.product-type.application";
		};
		FB58C1DD20511DAC00D99836 /* AnalyzerCFunction */ = {
			isa = PBXNativeTarget;
			buildConfigurationList = FB58C1E920511DAC00D99836 /* Build configuration list for PBXNativeTarget "AnalyzerCFunction" */;
			buildPhases = (
				596C19962A3D0A5C0B2581EB /* [CP] Check Pods Manifest.lock */,
				FB58C1D920511DAC00D99836 /* Sources */,
				FB58C1DA20511DAC00D99836 /* Frameworks */,
				FB58C1DB20511DAC00D99836 /* Headers */,
				FB58C1DC20511DAC00D99836 /* Resources */,
				C006F9F003F16160171711F7 /* [CP] Copy Pods Resources */,
			);
			buildRules = (
			);
			dependencies = (
			);
			name = AnalyzerCFunction;
			productName = AnalyzerCFunction;
			productReference = FB58C1DE20511DAC00D99836 /* AnalyzerCFunction.framework */;
			productType = "com.apple.product-type.framework";
		};
/* End PBXNativeTarget section */

/* Begin PBXProject section */
		FB58C1B22050E17B00D99836 /* Project object */ = {
			isa = PBXProject;
			attributes = {
				LastSwiftUpdateCheck = 0920;
				LastUpgradeCheck = 0920;
				ORGANIZATIONNAME = hejunqiu;
				TargetAttributes = {
					FB58C1B92050E17B00D99836 = {
						CreatedOnToolsVersion = 9.2;
						ProvisioningStyle = Automatic;
					};
					FB58C1DD20511DAC00D99836 = {
						CreatedOnToolsVersion = 9.2;
						ProvisioningStyle = Automatic;
					};
				};
			};
			buildConfigurationList = FB58C1B52050E17B00D99836 /* Build configuration list for PBXProject "PerformanceAnalyzer" */;
			compatibilityVersion = "Xcode 8.0";
			developmentRegion = en;
			hasScannedForEncodings = 0;
			knownRegions = (
				en,
				Base,
			);
			mainGroup = FB58C1B12050E17B00D99836;
			productRefGroup = FB58C1BB2050E17B00D99836 /* Products */;
			projectDirPath = "";
			projectRoot = "";
			targets = (
				FB58C1B92050E17B00D99836 /* PerformanceAnalyzer */,
				FB58C1DD20511DAC00D99836 /* AnalyzerCFunction */,
			);
		};
/* End PBXProject section */

/* Begin PBXResourcesBuildPhase section */
		FB58C1B82050E17B00D99836 /* Resources */ = {
			isa = PBXResourcesBuildPhase;
			buildActionMask = 2147483647;
			files = (
				FB58C1C82050E17B00D99836 /* LaunchScreen.storyboard in Resources */,
				FB58C1C52050E17B00D99836 /* Assets.xcassets in Resources */,
				FB58C1C32050E17B00D99836 /* Main.storyboard in Resources */,
			);
			runOnlyForDeploymentPostprocessing = 0;
		};
		FB58C1DC20511DAC00D99836 /* Resources */ = {
			isa = PBXResourcesBuildPhase;
			buildActionMask = 2147483647;
			files = (
			);
			runOnlyForDeploymentPostprocessing = 0;
		};
/* End PBXResourcesBuildPhase section */

/* Begin PBXShellScriptBuildPhase section */
		596C19962A3D0A5C0B2581EB /* [CP] Check Pods Manifest.lock */ = {
			isa = PBXShellScriptBuildPhase;
			buildActionMask = 2147483647;
			files = (
			);
			inputPaths = (
				"${PODS_PODFILE_DIR_PATH}/Podfile.lock",
				"${PODS_ROOT}/Manifest.lock",
			);
			name = "[CP] Check Pods Manifest.lock";
			outputPaths = (
				"$(DERIVED_FILE_DIR)/Pods-AnalyzerCFunction-checkManifestLockResult.txt",
			);
			runOnlyForDeploymentPostprocessing = 0;
			shellPath = /bin/sh;
			shellScript = "diff \"${PODS_PODFILE_DIR_PATH}/Podfile.lock\" \"${PODS_ROOT}/Manifest.lock\" > /dev/null\nif [ $? != 0 ] ; then\n    # print error to STDERR\n    echo \"error: The sandbox is not in sync with the Podfile.lock. Run 'pod install' or update your CocoaPods installation.\" >&2\n    exit 1\nfi\n# This output is used by Xcode 'outputs' to avoid re-running this script phase.\necho \"SUCCESS\" > \"${SCRIPT_OUTPUT_FILE_0}\"\n";
			showEnvVarsInLog = 0;
		};
		C006F9F003F16160171711F7 /* [CP] Copy Pods Resources */ = {
			isa = PBXShellScriptBuildPhase;
			buildActionMask = 2147483647;
			files = (
			);
			inputPaths = (
			);
			name = "[CP] Copy Pods Resources";
			outputPaths = (
			);
			runOnlyForDeploymentPostprocessing = 0;
			shellPath = /bin/sh;
			shellScript = "\"${SRCROOT}/Pods/Target Support Files/Pods-AnalyzerCFunction/Pods-AnalyzerCFunction-resources.sh\"\n";
			showEnvVarsInLog = 0;
		};
		C3232BADDDD61B64322B1C64 /* [CP] Check Pods Manifest.lock */ = {
			isa = PBXShellScriptBuildPhase;
			buildActionMask = 2147483647;
			files = (
			);
			inputPaths = (
				"${PODS_PODFILE_DIR_PATH}/Podfile.lock",
				"${PODS_ROOT}/Manifest.lock",
			);
			name = "[CP] Check Pods Manifest.lock";
			outputPaths = (
				"$(DERIVED_FILE_DIR)/Pods-PerformanceAnalyzer-checkManifestLockResult.txt",
			);
			runOnlyForDeploymentPostprocessing = 0;
			shellPath = /bin/sh;
			shellScript = "diff \"${PODS_PODFILE_DIR_PATH}/Podfile.lock\" \"${PODS_ROOT}/Manifest.lock\" > /dev/null\nif [ $? != 0 ] ; then\n    # print error to STDERR\n    echo \"error: The sandbox is not in sync with the Podfile.lock. Run 'pod install' or update your CocoaPods installation.\" >&2\n    exit 1\nfi\n# This output is used by Xcode 'outputs' to avoid re-running this script phase.\necho \"SUCCESS\" > \"${SCRIPT_OUTPUT_FILE_0}\"\n";
			showEnvVarsInLog = 0;
		};
		CFF800E6B1AA4143DEFE723E /* [CP] Embed Pods Frameworks */ = {
			isa = PBXShellScriptBuildPhase;
			buildActionMask = 2147483647;
			files = (
			);
			inputPaths = (
				"${SRCROOT}/Pods/Target Support Files/Pods-PerformanceAnalyzer/Pods-PerformanceAnalyzer-frameworks.sh",
				"${BUILT_PRODUCTS_DIR}/PureLayout/PureLayout.framework",
				"${BUILT_PRODUCTS_DIR}/fishhook/fishhook.framework",
			);
			name = "[CP] Embed Pods Frameworks";
			outputPaths = (
				"${TARGET_BUILD_DIR}/${FRAMEWORKS_FOLDER_PATH}/PureLayout.framework",
				"${TARGET_BUILD_DIR}/${FRAMEWORKS_FOLDER_PATH}/fishhook.framework",
			);
			runOnlyForDeploymentPostprocessing = 0;
			shellPath = /bin/sh;
			shellScript = "\"${SRCROOT}/Pods/Target Support Files/Pods-PerformanceAnalyzer/Pods-PerformanceAnalyzer-frameworks.sh\"\n";
			showEnvVarsInLog = 0;
		};
		E40169A4608A2269FA319CC1 /* [CP] Copy Pods Resources */ = {
			isa = PBXShellScriptBuildPhase;
			buildActionMask = 2147483647;
			files = (
			);
			inputPaths = (
			);
			name = "[CP] Copy Pods Resources";
			outputPaths = (
			);
			runOnlyForDeploymentPostprocessing = 0;
			shellPath = /bin/sh;
			shellScript = "\"${SRCROOT}/Pods/Target Support Files/Pods-PerformanceAnalyzer/Pods-PerformanceAnalyzer-resources.sh\"\n";
			showEnvVarsInLog = 0;
		};
/* End PBXShellScriptBuildPhase section */

/* Begin PBXSourcesBuildPhase section */
		FB58C1B62050E17B00D99836 /* Sources */ = {
			isa = PBXSourcesBuildPhase;
			buildActionMask = 2147483647;
			files = (
				FB58C1F420512E1600D99836 /* Monitor.swift in Sources */,
				FB58C1D820511A4200D99836 /* PerformanceAnalyzer.swift in Sources */,
				FB58C1C02050E17B00D99836 /* ViewController.swift in Sources */,
				FB58C1F92051342300D99836 /* MemoryMonitor.swift in Sources */,
				FB58C1F22051261300D99836 /* ObjcMethodExchanges.swift in Sources */,
				FB63856D20524F7E00475029 /* ModuleMonitor.swift in Sources */,
				FB6FD0A020527EF80004B0CF /* CGPointExtension.swift in Sources */,
				FB58C1BE2050E17B00D99836 /* AppDelegate.swift in Sources */,
				FB58C1F720512E3800D99836 /* FPSMonitor.swift in Sources */,
				FB205A9420513F7E0066E566 /* PageLoadingMonitor.swift in Sources */,
				FB58C1D42051069A00D99836 /* PerformanceAnalyzerWindow.swift in Sources */,
				FB58C1D22050E36900D99836 /* UIViewControllerExtension.swift in Sources */,
				FB58C1D620510BB300D99836 /* AnalyzerItemView.swift in Sources */,
				FB205A96205146E10066E566 /* CPUMonitor.swift in Sources */,
			);
			runOnlyForDeploymentPostprocessing = 0;
		};
		FB58C1D920511DAC00D99836 /* Sources */ = {
			isa = PBXSourcesBuildPhase;
			buildActionMask = 2147483647;
			files = (
				FB58C1F02051246600D99836 /* functions.m in Sources */,
				FB58C1EE20511DE100D99836 /* rebindings.mm in Sources */,
			);
			runOnlyForDeploymentPostprocessing = 0;
		};
/* End PBXSourcesBuildPhase section */

/* Begin PBXTargetDependency section */
		FB58C1E420511DAC00D99836 /* PBXTargetDependency */ = {
			isa = PBXTargetDependency;
			target = FB58C1DD20511DAC00D99836 /* AnalyzerCFunction */;
			targetProxy = FB58C1E320511DAC00D99836 /* PBXContainerItemProxy */;
		};
/* End PBXTargetDependency section */

/* Begin PBXVariantGroup section */
		FB58C1C12050E17B00D99836 /* Main.storyboard */ = {
			isa = PBXVariantGroup;
			children = (
				FB58C1C22050E17B00D99836 /* Base */,
			);
			name = Main.storyboard;
			sourceTree = "<group>";
		};
		FB58C1C62050E17B00D99836 /* LaunchScreen.storyboard */ = {
			isa = PBXVariantGroup;
			children = (
				FB58C1C72050E17B00D99836 /* Base */,
			);
			name = LaunchScreen.storyboard;
			sourceTree = "<group>";
		};
/* End PBXVariantGroup section */

/* Begin XCBuildConfiguration section */
		FB58C1CA2050E17C00D99836 /* Debug */ = {
			isa = XCBuildConfiguration;
			buildSettings = {
				ALWAYS_SEARCH_USER_PATHS = NO;
				CLANG_ANALYZER_NONNULL = YES;
				CLANG_ANALYZER_NUMBER_OBJECT_CONVERSION = YES_AGGRESSIVE;
				CLANG_CXX_LANGUAGE_STANDARD = "gnu++14";
				CLANG_CXX_LIBRARY = "libc++";
				CLANG_ENABLE_MODULES = YES;
				CLANG_ENABLE_OBJC_ARC = YES;
				CLANG_WARN_BLOCK_CAPTURE_AUTORELEASING = YES;
				CLANG_WARN_BOOL_CONVERSION = YES;
				CLANG_WARN_COMMA = YES;
				CLANG_WARN_CONSTANT_CONVERSION = YES;
				CLANG_WARN_DIRECT_OBJC_ISA_USAGE = YES_ERROR;
				CLANG_WARN_DOCUMENTATION_COMMENTS = YES;
				CLANG_WARN_EMPTY_BODY = YES;
				CLANG_WARN_ENUM_CONVERSION = YES;
				CLANG_WARN_INFINITE_RECURSION = YES;
				CLANG_WARN_INT_CONVERSION = YES;
				CLANG_WARN_NON_LITERAL_NULL_CONVERSION = YES;
				CLANG_WARN_OBJC_LITERAL_CONVERSION = YES;
				CLANG_WARN_OBJC_ROOT_CLASS = YES_ERROR;
				CLANG_WARN_RANGE_LOOP_ANALYSIS = YES;
				CLANG_WARN_STRICT_PROTOTYPES = YES;
				CLANG_WARN_SUSPICIOUS_MOVE = YES;
				CLANG_WARN_UNGUARDED_AVAILABILITY = YES_AGGRESSIVE;
				CLANG_WARN_UNREACHABLE_CODE = YES;
				CLANG_WARN__DUPLICATE_METHOD_MATCH = YES;
				CODE_SIGN_IDENTITY = "iPhone Developer";
				COPY_PHASE_STRIP = NO;
				DEBUG_INFORMATION_FORMAT = dwarf;
				ENABLE_STRICT_OBJC_MSGSEND = YES;
				ENABLE_TESTABILITY = YES;
				GCC_C_LANGUAGE_STANDARD = gnu11;
				GCC_DYNAMIC_NO_PIC = NO;
				GCC_NO_COMMON_BLOCKS = YES;
				GCC_OPTIMIZATION_LEVEL = 0;
				GCC_PREPROCESSOR_DEFINITIONS = (
					"DEBUG=1",
					"$(inherited)",
				);
				GCC_WARN_64_TO_32_BIT_CONVERSION = YES;
				GCC_WARN_ABOUT_RETURN_TYPE = YES_ERROR;
				GCC_WARN_UNDECLARED_SELECTOR = YES;
				GCC_WARN_UNINITIALIZED_AUTOS = YES_AGGRESSIVE;
				GCC_WARN_UNUSED_FUNCTION = YES;
				GCC_WARN_UNUSED_VARIABLE = YES;
				IPHONEOS_DEPLOYMENT_TARGET = 11.2;
				MTL_ENABLE_DEBUG_INFO = YES;
				ONLY_ACTIVE_ARCH = YES;
				SDKROOT = iphoneos;
				SWIFT_ACTIVE_COMPILATION_CONDITIONS = DEBUG;
				SWIFT_OPTIMIZATION_LEVEL = "-Onone";
			};
			name = Debug;
		};
		FB58C1CB2050E17C00D99836 /* Release */ = {
			isa = XCBuildConfiguration;
			buildSettings = {
				ALWAYS_SEARCH_USER_PATHS = NO;
				CLANG_ANALYZER_NONNULL = YES;
				CLANG_ANALYZER_NUMBER_OBJECT_CONVERSION = YES_AGGRESSIVE;
				CLANG_CXX_LANGUAGE_STANDARD = "gnu++14";
				CLANG_CXX_LIBRARY = "libc++";
				CLANG_ENABLE_MODULES = YES;
				CLANG_ENABLE_OBJC_ARC = YES;
				CLANG_WARN_BLOCK_CAPTURE_AUTORELEASING = YES;
				CLANG_WARN_BOOL_CONVERSION = YES;
				CLANG_WARN_COMMA = YES;
				CLANG_WARN_CONSTANT_CONVERSION = YES;
				CLANG_WARN_DIRECT_OBJC_ISA_USAGE = YES_ERROR;
				CLANG_WARN_DOCUMENTATION_COMMENTS = YES;
				CLANG_WARN_EMPTY_BODY = YES;
				CLANG_WARN_ENUM_CONVERSION = YES;
				CLANG_WARN_INFINITE_RECURSION = YES;
				CLANG_WARN_INT_CONVERSION = YES;
				CLANG_WARN_NON_LITERAL_NULL_CONVERSION = YES;
				CLANG_WARN_OBJC_LITERAL_CONVERSION = YES;
				CLANG_WARN_OBJC_ROOT_CLASS = YES_ERROR;
				CLANG_WARN_RANGE_LOOP_ANALYSIS = YES;
				CLANG_WARN_STRICT_PROTOTYPES = YES;
				CLANG_WARN_SUSPICIOUS_MOVE = YES;
				CLANG_WARN_UNGUARDED_AVAILABILITY = YES_AGGRESSIVE;
				CLANG_WARN_UNREACHABLE_CODE = YES;
				CLANG_WARN__DUPLICATE_METHOD_MATCH = YES;
				CODE_SIGN_IDENTITY = "iPhone Developer";
				COPY_PHASE_STRIP = NO;
				DEBUG_INFORMATION_FORMAT = "dwarf-with-dsym";
				ENABLE_NS_ASSERTIONS = NO;
				ENABLE_STRICT_OBJC_MSGSEND = YES;
				GCC_C_LANGUAGE_STANDARD = gnu11;
				GCC_NO_COMMON_BLOCKS = YES;
				GCC_WARN_64_TO_32_BIT_CONVERSION = YES;
				GCC_WARN_ABOUT_RETURN_TYPE = YES_ERROR;
				GCC_WARN_UNDECLARED_SELECTOR = YES;
				GCC_WARN_UNINITIALIZED_AUTOS = YES_AGGRESSIVE;
				GCC_WARN_UNUSED_FUNCTION = YES;
				GCC_WARN_UNUSED_VARIABLE = YES;
				IPHONEOS_DEPLOYMENT_TARGET = 11.2;
				MTL_ENABLE_DEBUG_INFO = NO;
				SDKROOT = iphoneos;
				SWIFT_OPTIMIZATION_LEVEL = "-Owholemodule";
				VALIDATE_PRODUCT = YES;
			};
			name = Release;
		};
		FB58C1CD2050E17C00D99836 /* Debug */ = {
			isa = XCBuildConfiguration;
			baseConfigurationReference = 34141D555226B1FA1053E3E5 /* Pods-PerformanceAnalyzer.debug.xcconfig */;
			buildSettings = {
				ASSETCATALOG_COMPILER_APPICON_NAME = AppIcon;
				CODE_SIGN_STYLE = Automatic;
				DEVELOPMENT_TEAM = 8652TQR753;
				INFOPLIST_FILE = PerformanceAnalyzer/Info.plist;
				IPHONEOS_DEPLOYMENT_TARGET = 8.0;
				LD_RUNPATH_SEARCH_PATHS = "$(inherited) @executable_path/Frameworks";
				PRODUCT_BUNDLE_IDENTIFIER = com.hejunqiu.PerformanceAnalyzer;
				PRODUCT_NAME = "$(TARGET_NAME)";
				SWIFT_VERSION = 4.0;
				TARGETED_DEVICE_FAMILY = "1,2";
			};
			name = Debug;
		};
		FB58C1CE2050E17C00D99836 /* Release */ = {
			isa = XCBuildConfiguration;
			baseConfigurationReference = 14180CBA346EE385336B7DD4 /* Pods-PerformanceAnalyzer.release.xcconfig */;
			buildSettings = {
				ASSETCATALOG_COMPILER_APPICON_NAME = AppIcon;
				CODE_SIGN_STYLE = Automatic;
				DEVELOPMENT_TEAM = 8652TQR753;
				INFOPLIST_FILE = PerformanceAnalyzer/Info.plist;
				IPHONEOS_DEPLOYMENT_TARGET = 8.0;
				LD_RUNPATH_SEARCH_PATHS = "$(inherited) @executable_path/Frameworks";
				PRODUCT_BUNDLE_IDENTIFIER = com.hejunqiu.PerformanceAnalyzer;
				PRODUCT_NAME = "$(TARGET_NAME)";
				SWIFT_VERSION = 4.0;
				TARGETED_DEVICE_FAMILY = "1,2";
			};
			name = Release;
		};
		FB58C1E720511DAC00D99836 /* Debug */ = {
			isa = XCBuildConfiguration;
			baseConfigurationReference = 5624981B4AC804018F48AD94 /* Pods-AnalyzerCFunction.debug.xcconfig */;
			buildSettings = {
				CODE_SIGN_IDENTITY = "";
				CODE_SIGN_STYLE = Automatic;
				CURRENT_PROJECT_VERSION = 1;
				DEFINES_MODULE = YES;
				DEVELOPMENT_TEAM = 8652TQR753;
				DYLIB_COMPATIBILITY_VERSION = 1;
				DYLIB_CURRENT_VERSION = 1;
				DYLIB_INSTALL_NAME_BASE = "@rpath";
				INFOPLIST_FILE = AnalyzerCFunction/Info.plist;
				INSTALL_PATH = "$(LOCAL_LIBRARY_DIR)/Frameworks";
				LD_RUNPATH_SEARCH_PATHS = "$(inherited) @executable_path/Frameworks @loader_path/Frameworks";
				PRODUCT_BUNDLE_IDENTIFIER = com.hejunqiu.AnalyzerCFunction;
				PRODUCT_NAME = "$(TARGET_NAME:c99extidentifier)";
				SKIP_INSTALL = YES;
				TARGETED_DEVICE_FAMILY = "1,2";
				VERSIONING_SYSTEM = "apple-generic";
				VERSION_INFO_PREFIX = "";
			};
			name = Debug;
		};
		FB58C1E820511DAC00D99836 /* Release */ = {
			isa = XCBuildConfiguration;
			baseConfigurationReference = 9EA7FABEDA241F61093148AD /* Pods-AnalyzerCFunction.release.xcconfig */;
			buildSettings = {
				CODE_SIGN_IDENTITY = "";
				CODE_SIGN_STYLE = Automatic;
				CURRENT_PROJECT_VERSION = 1;
				DEFINES_MODULE = YES;
				DEVELOPMENT_TEAM = 8652TQR753;
				DYLIB_COMPATIBILITY_VERSION = 1;
				DYLIB_CURRENT_VERSION = 1;
				DYLIB_INSTALL_NAME_BASE = "@rpath";
				INFOPLIST_FILE = AnalyzerCFunction/Info.plist;
				INSTALL_PATH = "$(LOCAL_LIBRARY_DIR)/Frameworks";
				LD_RUNPATH_SEARCH_PATHS = "$(inherited) @executable_path/Frameworks @loader_path/Frameworks";
				PRODUCT_BUNDLE_IDENTIFIER = com.hejunqiu.AnalyzerCFunction;
				PRODUCT_NAME = "$(TARGET_NAME:c99extidentifier)";
				SKIP_INSTALL = YES;
				TARGETED_DEVICE_FAMILY = "1,2";
				VERSIONING_SYSTEM = "apple-generic";
				VERSION_INFO_PREFIX = "";
			};
			name = Release;
		};
/* End XCBuildConfiguration section */

/* Begin XCConfigurationList section */
		FB58C1B52050E17B00D99836 /* Build configuration list for PBXProject "PerformanceAnalyzer" */ = {
			isa = XCConfigurationList;
			buildConfigurations = (
				FB58C1CA2050E17C00D99836 /* Debug */,
				FB58C1CB2050E17C00D99836 /* Release */,
			);
			defaultConfigurationIsVisible = 0;
			defaultConfigurationName = Release;
		};
		FB58C1CC2050E17C00D99836 /* Build configuration list for PBXNativeTarget "PerformanceAnalyzer" */ = {
			isa = XCConfigurationList;
			buildConfigurations = (
				FB58C1CD2050E17C00D99836 /* Debug */,
				FB58C1CE2050E17C00D99836 /* Release */,
			);
			defaultConfigurationIsVisible = 0;
			defaultConfigurationName = Release;
		};
		FB58C1E920511DAC00D99836 /* Build configuration list for PBXNativeTarget "AnalyzerCFunction" */ = {
			isa = XCConfigurationList;
			buildConfigurations = (
				FB58C1E720511DAC00D99836 /* Debug */,
				FB58C1E820511DAC00D99836 /* Release */,
			);
			defaultConfigurationIsVisible = 0;
			defaultConfigurationName = Release;
		};
/* End XCConfigurationList section */
	};
	rootObject = FB58C1B22050E17B00D99836 /* Project object */;
}
